schema: '2.0'
stages:
  get_data:
    cmd: python get_data.py
    deps:
    - path: get_data.py
      hash: md5
      md5: 474a90e405d7e647e0ca6a41ebaf9de9
      size: 305
    outs:
    - path: data/data_raw.csv
      hash: md5
      md5: 500a0acbd112b7c512929eac892f9864
      size: 4009
  train:
    cmd: python train_data.py
    deps:
    - path: data/data_raw.csv
      hash: md5
      md5: 500a0acbd112b7c512929eac892f9864
      size: 4009
    - path: train_data.py
      hash: md5
      md5: 0bdc53e8e9cb88f73a49ed309a97efcf
      size: 930
    outs:
    - path: confusion_matrix.png
      hash: md5
      md5: 3fc9ec80178249682384f09796ac213c
      size: 21304
    - path: metrics.json
      hash: md5
      md5: 484dae7eea13316cdc4bcf54825b3e80
      size: 32
